// !$*UTF8*$!
{
	archiveVersion = 1;
	classes = {
	};
	objectVersion = 46;
	objects = {

/* Begin PBXBuildFile section */
		3722E04B1E5B10C9002918CC /* AppDelegate.swift in Sources */ = {isa = PBXBuildFile; fileRef = 3722E04A1E5B10C9002918CC /* AppDelegate.swift */; };
		3722E0521E5B10C9002918CC /* Assets.xcassets in Resources */ = {isa = PBXBuildFile; fileRef = 3722E0511E5B10C9002918CC /* Assets.xcassets */; };
		3722E0551E5B10C9002918CC /* LaunchScreen.storyboard in Resources */ = {isa = PBXBuildFile; fileRef = 3722E0531E5B10C9002918CC /* LaunchScreen.storyboard */; };
		3722E0601E5B10C9002918CC /* TD5Tests.swift in Sources */ = {isa = PBXBuildFile; fileRef = 3722E05F1E5B10C9002918CC /* TD5Tests.swift */; };
		3722E06B1E5B10C9002918CC /* TD5UITests.swift in Sources */ = {isa = PBXBuildFile; fileRef = 3722E06A1E5B10C9002918CC /* TD5UITests.swift */; };
		3722E07A1E5B1774002918CC /* MapViewController.swift in Sources */ = {isa = PBXBuildFile; fileRef = 3722E0791E5B1774002918CC /* MapViewController.swift */; };
		3729109CFC449070746FADE7 /* Pods_TD5.framework in Frameworks */ = {isa = PBXBuildFile; fileRef = 559BE956950ABC90CCE26F78 /* Pods_TD5.framework */; };
		375E41211E6A10D6005FDF99 /* Main.storyboard in Resources */ = {isa = PBXBuildFile; fileRef = 375E411F1E6A10D6005FDF99 /* Main.storyboard */; };
		D328FAEB1E62DB7D00A72DD0 /* DetailsViewController.swift in Sources */ = {isa = PBXBuildFile; fileRef = D328FAEA1E62DB7D00A72DD0 /* DetailsViewController.swift */; };
/* End PBXBuildFile section */

/* Begin PBXContainerItemProxy section */
		3722E05C1E5B10C9002918CC /* PBXContainerItemProxy */ = {
			isa = PBXContainerItemProxy;
			containerPortal = 3722E03F1E5B10C8002918CC /* Project object */;
			proxyType = 1;
			remoteGlobalIDString = 3722E0461E5B10C8002918CC;
			remoteInfo = TD5;
		};
		3722E0671E5B10C9002918CC /* PBXContainerItemProxy */ = {
			isa = PBXContainerItemProxy;
			containerPortal = 3722E03F1E5B10C8002918CC /* Project object */;
			proxyType = 1;
			remoteGlobalIDString = 3722E0461E5B10C8002918CC;
			remoteInfo = TD5;
		};
/* End PBXContainerItemProxy section */

/* Begin PBXFileReference section */
		0395EBFCFCF8886ECE2FA30B /* Pods-TD5.debug.xcconfig */ = {isa = PBXFileReference; includeInIndex = 1; lastKnownFileType = text.xcconfig; name = "Pods-TD5.debug.xcconfig"; path = "Pods/Target Support Files/Pods-TD5/Pods-TD5.debug.xcconfig"; sourceTree = "<group>"; };
		05984F1E34BB21018A61998A /* Pods-TD5.release.xcconfig */ = {isa = PBXFileReference; includeInIndex = 1; lastKnownFileType = text.xcconfig; name = "Pods-TD5.release.xcconfig"; path = "Pods/Target Support Files/Pods-TD5/Pods-TD5.release.xcconfig"; sourceTree = "<group>"; };
		3722E0471E5B10C9002918CC /* TD5.app */ = {isa = PBXFileReference; explicitFileType = wrapper.application; includeInIndex = 0; path = TD5.app; sourceTree = BUILT_PRODUCTS_DIR; };
		3722E04A1E5B10C9002918CC /* AppDelegate.swift */ = {isa = PBXFileReference; lastKnownFileType = sourcecode.swift; path = AppDelegate.swift; sourceTree = "<group>"; };
		3722E0511E5B10C9002918CC /* Assets.xcassets */ = {isa = PBXFileReference; lastKnownFileType = folder.assetcatalog; path = Assets.xcassets; sourceTree = "<group>"; };
		3722E0541E5B10C9002918CC /* Base */ = {isa = PBXFileReference; lastKnownFileType = file.storyboard; name = Base; path = Base.lproj/LaunchScreen.storyboard; sourceTree = "<group>"; };
		3722E0561E5B10C9002918CC /* Info.plist */ = {isa = PBXFileReference; lastKnownFileType = text.plist.xml; path = Info.plist; sourceTree = "<group>"; };
		3722E05B1E5B10C9002918CC /* TD5Tests.xctest */ = {isa = PBXFileReference; explicitFileType = wrapper.cfbundle; includeInIndex = 0; path = TD5Tests.xctest; sourceTree = BUILT_PRODUCTS_DIR; };
		3722E05F1E5B10C9002918CC /* TD5Tests.swift */ = {isa = PBXFileReference; lastKnownFileType = sourcecode.swift; path = TD5Tests.swift; sourceTree = "<group>"; };
		3722E0611E5B10C9002918CC /* Info.plist */ = {isa = PBXFileReference; lastKnownFileType = text.plist.xml; path = Info.plist; sourceTree = "<group>"; };
		3722E0661E5B10C9002918CC /* TD5UITests.xctest */ = {isa = PBXFileReference; explicitFileType = wrapper.cfbundle; includeInIndex = 0; path = TD5UITests.xctest; sourceTree = BUILT_PRODUCTS_DIR; };
		3722E06A1E5B10C9002918CC /* TD5UITests.swift */ = {isa = PBXFileReference; lastKnownFileType = sourcecode.swift; path = TD5UITests.swift; sourceTree = "<group>"; };
		3722E06C1E5B10C9002918CC /* Info.plist */ = {isa = PBXFileReference; lastKnownFileType = text.plist.xml; path = Info.plist; sourceTree = "<group>"; };
		3722E0781E5B1282002918CC /* Location.gpx */ = {isa = PBXFileReference; lastKnownFileType = text.xml; name = Location.gpx; path = ../Location.gpx; sourceTree = "<group>"; };
		3722E0791E5B1774002918CC /* MapViewController.swift */ = {isa = PBXFileReference; fileEncoding = 4; lastKnownFileType = sourcecode.swift; path = MapViewController.swift; sourceTree = "<group>"; };
		375E41201E6A10D6005FDF99 /* Base */ = {isa = PBXFileReference; lastKnownFileType = file.storyboard; name = Base; path = Base.lproj/Main.storyboard; sourceTree = "<group>"; };
		559BE956950ABC90CCE26F78 /* Pods_TD5.framework */ = {isa = PBXFileReference; explicitFileType = wrapper.framework; includeInIndex = 0; path = Pods_TD5.framework; sourceTree = BUILT_PRODUCTS_DIR; };
		D328FAEA1E62DB7D00A72DD0 /* DetailsViewController.swift */ = {isa = PBXFileReference; fileEncoding = 4; lastKnownFileType = sourcecode.swift; path = DetailsViewController.swift; sourceTree = "<group>"; };
/* End PBXFileReference section */

/* Begin PBXFrameworksBuildPhase section */
		3722E0441E5B10C8002918CC /* Frameworks */ = {
			isa = PBXFrameworksBuildPhase;
			buildActionMask = 2147483647;
			files = (
				3729109CFC449070746FADE7 /* Pods_TD5.framework in Frameworks */,
			);
			runOnlyForDeploymentPostprocessing = 0;
		};
		3722E0581E5B10C9002918CC /* Frameworks */ = {
			isa = PBXFrameworksBuildPhase;
			buildActionMask = 2147483647;
			files = (
			);
			runOnlyForDeploymentPostprocessing = 0;
		};
		3722E0631E5B10C9002918CC /* Frameworks */ = {
			isa = PBXFrameworksBuildPhase;
			buildActionMask = 2147483647;
			files = (
			);
			runOnlyForDeploymentPostprocessing = 0;
		};
/* End PBXFrameworksBuildPhase section */

/* Begin PBXGroup section */
		0698B4EF2624B2F99A6647AD /* Frameworks */ = {
			isa = PBXGroup;
			children = (
				559BE956950ABC90CCE26F78 /* Pods_TD5.framework */,
			);
			name = Frameworks;
			sourceTree = "<group>";
		};
		3722E03E1E5B10C8002918CC = {
			isa = PBXGroup;
			children = (
				3722E0491E5B10C9002918CC /* TD5 */,
				3722E05E1E5B10C9002918CC /* TD5Tests */,
				3722E0691E5B10C9002918CC /* TD5UITests */,
				3722E0481E5B10C9002918CC /* Products */,
				8D1AC3850EEF9DC04FC837F4 /* Pods */,
				0698B4EF2624B2F99A6647AD /* Frameworks */,
			);
			sourceTree = "<group>";
		};
		3722E0481E5B10C9002918CC /* Products */ = {
			isa = PBXGroup;
			children = (
				3722E0471E5B10C9002918CC /* TD5.app */,
				3722E05B1E5B10C9002918CC /* TD5Tests.xctest */,
				3722E0661E5B10C9002918CC /* TD5UITests.xctest */,
			);
			name = Products;
			sourceTree = "<group>";
		};
		3722E0491E5B10C9002918CC /* TD5 */ = {
			isa = PBXGroup;
			children = (
				3722E0781E5B1282002918CC /* Location.gpx */,
				3722E04A1E5B10C9002918CC /* AppDelegate.swift */,
				3722E0511E5B10C9002918CC /* Assets.xcassets */,
				375E411F1E6A10D6005FDF99 /* Main.storyboard */,
				3722E0531E5B10C9002918CC /* LaunchScreen.storyboard */,
				3722E0791E5B1774002918CC /* MapViewController.swift */,
				3722E0561E5B10C9002918CC /* Info.plist */,
				D328FAEA1E62DB7D00A72DD0 /* DetailsViewController.swift */,
			);
			path = TD5;
			sourceTree = "<group>";
		};
		3722E05E1E5B10C9002918CC /* TD5Tests */ = {
			isa = PBXGroup;
			children = (
				3722E05F1E5B10C9002918CC /* TD5Tests.swift */,
				3722E0611E5B10C9002918CC /* Info.plist */,
			);
			path = TD5Tests;
			sourceTree = "<group>";
		};
		3722E0691E5B10C9002918CC /* TD5UITests */ = {
			isa = PBXGroup;
			children = (
				3722E06A1E5B10C9002918CC /* TD5UITests.swift */,
				3722E06C1E5B10C9002918CC /* Info.plist */,
			);
			path = TD5UITests;
			sourceTree = "<group>";
		};
		8D1AC3850EEF9DC04FC837F4 /* Pods */ = {
			isa = PBXGroup;
			children = (
				0395EBFCFCF8886ECE2FA30B /* Pods-TD5.debug.xcconfig */,
				05984F1E34BB21018A61998A /* Pods-TD5.release.xcconfig */,
			);
			name = Pods;
			sourceTree = "<group>";
		};
/* End PBXGroup section */

/* Begin PBXNativeTarget section */
		3722E0461E5B10C8002918CC /* TD5 */ = {
			isa = PBXNativeTarget;
			buildConfigurationList = 3722E06F1E5B10C9002918CC /* Build configuration list for PBXNativeTarget "TD5" */;
			buildPhases = (
				B5A50E98BAAADB5D46783FE7 /* [CP] Check Pods Manifest.lock */,
				3722E0431E5B10C8002918CC /* Sources */,
				3722E0441E5B10C8002918CC /* Frameworks */,
				3722E0451E5B10C8002918CC /* Resources */,
				55E113347703D4AC788E0D39 /* [CP] Embed Pods Frameworks */,
				2A573075DDB28132947528C1 /* [CP] Copy Pods Resources */,
			);
			buildRules = (
			);
			dependencies = (
			);
			name = TD5;
			productName = TD5;
			productReference = 3722E0471E5B10C9002918CC /* TD5.app */;
			productType = "com.apple.product-type.application";
		};
		3722E05A1E5B10C9002918CC /* TD5Tests */ = {
			isa = PBXNativeTarget;
			buildConfigurationList = 3722E0721E5B10C9002918CC /* Build configuration list for PBXNativeTarget "TD5Tests" */;
			buildPhases = (
				3722E0571E5B10C9002918CC /* Sources */,
				3722E0581E5B10C9002918CC /* Frameworks */,
				3722E0591E5B10C9002918CC /* Resources */,
			);
			buildRules = (
			);
			dependencies = (
				3722E05D1E5B10C9002918CC /* PBXTargetDependency */,
			);
			name = TD5Tests;
			productName = TD5Tests;
			productReference = 3722E05B1E5B10C9002918CC /* TD5Tests.xctest */;
			productType = "com.apple.product-type.bundle.unit-test";
		};
		3722E0651E5B10C9002918CC /* TD5UITests */ = {
			isa = PBXNativeTarget;
			buildConfigurationList = 3722E0751E5B10C9002918CC /* Build configuration list for PBXNativeTarget "TD5UITests" */;
			buildPhases = (
				3722E0621E5B10C9002918CC /* Sources */,
				3722E0631E5B10C9002918CC /* Frameworks */,
				3722E0641E5B10C9002918CC /* Resources */,
			);
			buildRules = (
			);
			dependencies = (
				3722E0681E5B10C9002918CC /* PBXTargetDependency */,
			);
			name = TD5UITests;
			productName = TD5UITests;
			productReference = 3722E0661E5B10C9002918CC /* TD5UITests.xctest */;
			productType = "com.apple.product-type.bundle.ui-testing";
		};
/* End PBXNativeTarget section */

/* Begin PBXProject section */
		3722E03F1E5B10C8002918CC /* Project object */ = {
			isa = PBXProject;
			attributes = {
				LastSwiftUpdateCheck = 0820;
				LastUpgradeCheck = 0820;
				ORGANIZATIONNAME = Ludivine;
				TargetAttributes = {
					3722E0461E5B10C8002918CC = {
						CreatedOnToolsVersion = 8.2.1;
						DevelopmentTeam = 9NAXXTZ9WV;
						ProvisioningStyle = Automatic;
					};
					3722E05A1E5B10C9002918CC = {
						CreatedOnToolsVersion = 8.2.1;
						ProvisioningStyle = Automatic;
						TestTargetID = 3722E0461E5B10C8002918CC;
					};
					3722E0651E5B10C9002918CC = {
						CreatedOnToolsVersion = 8.2.1;
						ProvisioningStyle = Automatic;
						TestTargetID = 3722E0461E5B10C8002918CC;
					};
				};
			};
			buildConfigurationList = 3722E0421E5B10C8002918CC /* Build configuration list for PBXProject "TD5" */;
			compatibilityVersion = "Xcode 3.2";
			developmentRegion = English;
			hasScannedForEncodings = 0;
			knownRegions = (
				en,
				Base,
			);
			mainGroup = 3722E03E1E5B10C8002918CC;
			productRefGroup = 3722E0481E5B10C9002918CC /* Products */;
			projectDirPath = "";
			projectRoot = "";
			targets = (
				3722E0461E5B10C8002918CC /* TD5 */,
				3722E05A1E5B10C9002918CC /* TD5Tests */,
				3722E0651E5B10C9002918CC /* TD5UITests */,
			);
		};
/* End PBXProject section */

/* Begin PBXResourcesBuildPhase section */
		3722E0451E5B10C8002918CC /* Resources */ = {
			isa = PBXResourcesBuildPhase;
			buildActionMask = 2147483647;
			files = (
				375E41211E6A10D6005FDF99 /* Main.storyboard in Resources */,
				3722E0551E5B10C9002918CC /* LaunchScreen.storyboard in Resources */,
				3722E0521E5B10C9002918CC /* Assets.xcassets in Resources */,
			);
			runOnlyForDeploymentPostprocessing = 0;
		};
		3722E0591E5B10C9002918CC /* Resources */ = {
			isa = PBXResourcesBuildPhase;
			buildActionMask = 2147483647;
			files = (
			);
			runOnlyForDeploymentPostprocessing = 0;
		};
		3722E0641E5B10C9002918CC /* Resources */ = {
			isa = PBXResourcesBuildPhase;
			buildActionMask = 2147483647;
			files = (
			);
			runOnlyForDeploymentPostprocessing = 0;
		};
/* End PBXResourcesBuildPhase section */

/* Begin PBXShellScriptBuildPhase section */
		2A573075DDB28132947528C1 /* [CP] Copy Pods Resources */ = {
			isa = PBXShellScriptBuildPhase;
			buildActionMask = 2147483647;
			files = (
			);
			inputPaths = (
			);
			name = "[CP] Copy Pods Resources";
			outputPaths = (
			);
			runOnlyForDeploymentPostprocessing = 0;
			shellPath = /bin/sh;
			shellScript = "\"${SRCROOT}/Pods/Target Support Files/Pods-TD5/Pods-TD5-resources.sh\"\n";
			showEnvVarsInLog = 0;
		};
		55E113347703D4AC788E0D39 /* [CP] Embed Pods Frameworks */ = {
			isa = PBXShellScriptBuildPhase;
			buildActionMask = 2147483647;
			files = (
			);
			inputPaths = (
			);
			name = "[CP] Embed Pods Frameworks";
			outputPaths = (
			);
			runOnlyForDeploymentPostprocessing = 0;
			shellPath = /bin/sh;
			shellScript = "\"${SRCROOT}/Pods/Target Support Files/Pods-TD5/Pods-TD5-frameworks.sh\"\n";
			showEnvVarsInLog = 0;
		};
		B5A50E98BAAADB5D46783FE7 /* [CP] Check Pods Manifest.lock */ = {
			isa = PBXShellScriptBuildPhase;
			buildActionMask = 2147483647;
			files = (
			);
			inputPaths = (
			);
			name = "[CP] Check Pods Manifest.lock";
			outputPaths = (
			);
			runOnlyForDeploymentPostprocessing = 0;
			shellPath = /bin/sh;
			shellScript = "diff \"${PODS_ROOT}/../Podfile.lock\" \"${PODS_ROOT}/Manifest.lock\" > /dev/null\nif [ $? != 0 ] ; then\n    # print error to STDERR\n    echo \"error: The sandbox is not in sync with the Podfile.lock. Run 'pod install' or update your CocoaPods installation.\" >&2\n    exit 1\nfi\n";
			showEnvVarsInLog = 0;
		};
/* End PBXShellScriptBuildPhase section */

/* Begin PBXSourcesBuildPhase section */
		3722E0431E5B10C8002918CC /* Sources */ = {
			isa = PBXSourcesBuildPhase;
			buildActionMask = 2147483647;
			files = (
				3722E07A1E5B1774002918CC /* MapViewController.swift in Sources */,
				3722E04B1E5B10C9002918CC /* AppDelegate.swift in Sources */,
				D328FAEB1E62DB7D00A72DD0 /* DetailsViewController.swift in Sources */,
			);
			runOnlyForDeploymentPostprocessing = 0;
		};
		3722E0571E5B10C9002918CC /* Sources */ = {
			isa = PBXSourcesBuildPhase;
			buildActionMask = 2147483647;
			files = (
				3722E0601E5B10C9002918CC /* TD5Tests.swift in Sources */,
			);
			runOnlyForDeploymentPostprocessing = 0;
		};
		3722E0621E5B10C9002918CC /* Sources */ = {
			isa = PBXSourcesBuildPhase;
			buildActionMask = 2147483647;
			files = (
				3722E06B1E5B10C9002918CC /* TD5UITests.swift in Sources */,
			);
			runOnlyForDeploymentPostprocessing = 0;
		};
/* End PBXSourcesBuildPhase section */

/* Begin PBXTargetDependency section */
		3722E05D1E5B10C9002918CC /* PBXTargetDependency */ = {
			isa = PBXTargetDependency;
			target = 3722E0461E5B10C8002918CC /* TD5 */;
			targetProxy = 3722E05C1E5B10C9002918CC /* PBXContainerItemProxy */;
		};
		3722E0681E5B10C9002918CC /* PBXTargetDependency */ = {
			isa = PBXTargetDependency;
			target = 3722E0461E5B10C8002918CC /* TD5 */;
			targetProxy = 3722E0671E5B10C9002918CC /* PBXContainerItemProxy */;
		};
/* End PBXTargetDependency section */

/* Begin PBXVariantGroup section */
		3722E0531E5B10C9002918CC /* LaunchScreen.storyboard */ = {
			isa = PBXVariantGroup;
			children = (
				3722E0541E5B10C9002918CC /* Base */,
			);
			name = LaunchScreen.storyboard;
			sourceTree = "<group>";
		};
		375E411F1E6A10D6005FDF99 /* Main.storyboard */ = {
			isa = PBXVariantGroup;
			children = (
				375E41201E6A10D6005FDF99 /* Base */,
			);
			name = Main.storyboard;
			sourceTree = "<group>";
		};
/* End PBXVariantGroup section */

/* Begin XCBuildConfiguration section */
		3722E06D1E5B10C9002918CC /* Debug */ = {
			isa = XCBuildConfiguration;
			buildSettings = {
				ALWAYS_SEARCH_USER_PATHS = NO;
				CLANG_ANALYZER_NONNULL = YES;
				CLANG_CXX_LANGUAGE_STANDARD = "gnu++0x";
				CLANG_CXX_LIBRARY = "libc++";
				CLANG_ENABLE_MODULES = YES;
				CLANG_ENABLE_OBJC_ARC = YES;
				CLANG_WARN_BOOL_CONVERSION = YES;
				CLANG_WARN_CONSTANT_CONVERSION = YES;
				CLANG_WARN_DIRECT_OBJC_ISA_USAGE = YES_ERROR;
				CLANG_WARN_DOCUMENTATION_COMMENTS = YES;
				CLANG_WARN_EMPTY_BODY = YES;
				CLANG_WARN_ENUM_CONVERSION = YES;
				CLANG_WARN_INFINITE_RECURSION = YES;
				CLANG_WARN_INT_CONVERSION = YES;
				CLANG_WARN_OBJC_ROOT_CLASS = YES_ERROR;
				CLANG_WARN_SUSPICIOUS_MOVE = YES;
				CLANG_WARN_UNREACHABLE_CODE = YES;
				CLANG_WARN__DUPLICATE_METHOD_MATCH = YES;
				"CODE_SIGN_IDENTITY[sdk=iphoneos*]" = "iPhone Developer";
				COPY_PHASE_STRIP = NO;
				DEBUG_INFORMATION_FORMAT = dwarf;
				ENABLE_STRICT_OBJC_MSGSEND = YES;
				ENABLE_TESTABILITY = YES;
				GCC_C_LANGUAGE_STANDARD = gnu99;
				GCC_DYNAMIC_NO_PIC = NO;
				GCC_NO_COMMON_BLOCKS = YES;
				GCC_OPTIMIZATION_LEVEL = 0;
				GCC_PREPROCESSOR_DEFINITIONS = (
					"DEBUG=1",
					"$(inherited)",
				);
				GCC_WARN_64_TO_32_BIT_CONVERSION = YES;
				GCC_WARN_ABOUT_RETURN_TYPE = YES_ERROR;
				GCC_WARN_UNDECLARED_SELECTOR = YES;
				GCC_WARN_UNINITIALIZED_AUTOS = YES_AGGRESSIVE;
				GCC_WARN_UNUSED_FUNCTION = YES;
				GCC_WARN_UNUSED_VARIABLE = YES;
				IPHONEOS_DEPLOYMENT_TARGET = 10.2;
				MTL_ENABLE_DEBUG_INFO = YES;
				ONLY_ACTIVE_ARCH = YES;
				SDKROOT = iphoneos;
				SWIFT_ACTIVE_COMPILATION_CONDITIONS = DEBUG;
				SWIFT_OPTIMIZATION_LEVEL = "-Onone";
				TARGETED_DEVICE_FAMILY = "1,2";
			};
			name = Debug;
		};
		3722E06E1E5B10C9002918CC /* Release */ = {
			isa = XCBuildConfiguration;
			buildSettings = {
				ALWAYS_SEARCH_USER_PATHS = NO;
				CLANG_ANALYZER_NONNULL = YES;
				CLANG_CXX_LANGUAGE_STANDARD = "gnu++0x";
				CLANG_CXX_LIBRARY = "libc++";
				CLANG_ENABLE_MODULES = YES;
				CLANG_ENABLE_OBJC_ARC = YES;
				CLANG_WARN_BOOL_CONVERSION = YES;
				CLANG_WARN_CONSTANT_CONVERSION = YES;
				CLANG_WARN_DIRECT_OBJC_ISA_USAGE = YES_ERROR;
				CLANG_WARN_DOCUMENTATION_COMMENTS = YES;
				CLANG_WARN_EMPTY_BODY = YES;
				CLANG_WARN_ENUM_CONVERSION = YES;
				CLANG_WARN_INFINITE_RECURSION = YES;
				CLANG_WARN_INT_CONVERSION = YES;
				CLANG_WARN_OBJC_ROOT_CLASS = YES_ERROR;
				CLANG_WARN_SUSPICIOUS_MOVE = YES;
				CLANG_WARN_UNREACHABLE_CODE = YES;
				CLANG_WARN__DUPLICATE_METHOD_MATCH = YES;
				"CODE_SIGN_IDENTITY[sdk=iphoneos*]" = "iPhone Developer";
				COPY_PHASE_STRIP = NO;
				DEBUG_INFORMATION_FORMAT = "dwarf-with-dsym";
				ENABLE_NS_ASSERTIONS = NO;
				ENABLE_STRICT_OBJC_MSGSEND = YES;
				GCC_C_LANGUAGE_STANDARD = gnu99;
				GCC_NO_COMMON_BLOCKS = YES;
				GCC_WARN_64_TO_32_BIT_CONVERSION = YES;
				GCC_WARN_ABOUT_RETURN_TYPE = YES_ERROR;
				GCC_WARN_UNDECLARED_SELECTOR = YES;
				GCC_WARN_UNINITIALIZED_AUTOS = YES_AGGRESSIVE;
				GCC_WARN_UNUSED_FUNCTION = YES;
				GCC_WARN_UNUSED_VARIABLE = YES;
				IPHONEOS_DEPLOYMENT_TARGET = 10.2;
				MTL_ENABLE_DEBUG_INFO = NO;
				SDKROOT = iphoneos;
				SWIFT_OPTIMIZATION_LEVEL = "-Owholemodule";
				TARGETED_DEVICE_FAMILY = "1,2";
				VALIDATE_PRODUCT = YES;
			};
			name = Release;
		};
		3722E0701E5B10C9002918CC /* Debug */ = {
			isa = XCBuildConfiguration;
			baseConfigurationReference = 0395EBFCFCF8886ECE2FA30B /* Pods-TD5.debug.xcconfig */;
			buildSettings = {
				ASSETCATALOG_COMPILER_APPICON_NAME = AppIcon;
				DEVELOPMENT_TEAM = 9NAXXTZ9WV;
				INFOPLIST_FILE = TD5/Info.plist;
				IPHONEOS_DEPLOYMENT_TARGET = 10.1;
				LD_RUNPATH_SEARCH_PATHS = "$(inherited) @executable_path/Frameworks";
				PRODUCT_BUNDLE_IDENTIFIER = Ludivine.TD5;
				PRODUCT_NAME = "$(TARGET_NAME)";
				SWIFT_VERSION = 3.0;
			};
			name = Debug;
		};
		3722E0711E5B10C9002918CC /* Release */ = {
			isa = XCBuildConfiguration;
			baseConfigurationReference = 05984F1E34BB21018A61998A /* Pods-TD5.release.xcconfig */;
			buildSettings = {
				ASSETCATALOG_COMPILER_APPICON_NAME = AppIcon;
				DEVELOPMENT_TEAM = 9NAXXTZ9WV;
				INFOPLIST_FILE = TD5/Info.plist;
				IPHONEOS_DEPLOYMENT_TARGET = 10.1;
				LD_RUNPATH_SEARCH_PATHS = "$(inherited) @executable_path/Frameworks";
				PRODUCT_BUNDLE_IDENTIFIER = Ludivine.TD5;
				PRODUCT_NAME = "$(TARGET_NAME)";
				SWIFT_VERSION = 3.0;
			};
			name = Release;
		};
		3722E0731E5B10C9002918CC /* Debug */ = {
			isa = XCBuildConfiguration;
			buildSettings = {
				ALWAYS_EMBED_SWIFT_STANDARD_LIBRARIES = YES;
				BUNDLE_LOADER = "$(TEST_HOST)";
				INFOPLIST_FILE = TD5Tests/Info.plist;
				LD_RUNPATH_SEARCH_PATHS = "$(inherited) @executable_path/Frameworks @loader_path/Frameworks";
				PRODUCT_BUNDLE_IDENTIFIER = Ludivine.TD5Tests;
				PRODUCT_NAME = "$(TARGET_NAME)";
				SWIFT_VERSION = 3.0;
				TEST_HOST = "$(BUILT_PRODUCTS_DIR)/TD5.app/TD5";
			};
			name = Debug;
		};
		3722E0741E5B10C9002918CC /* Release */ = {
			isa = XCBuildConfiguration;
			buildSettings = {
				ALWAYS_EMBED_SWIFT_STANDARD_LIBRARIES = YES;
				BUNDLE_LOADER = "$(TEST_HOST)";
				INFOPLIST_FILE = TD5Tests/Info.plist;
				LD_RUNPATH_SEARCH_PATHS = "$(inherited) @executable_path/Frameworks @loader_path/Frameworks";
				PRODUCT_BUNDLE_IDENTIFIER = Ludivine.TD5Tests;
				PRODUCT_NAME = "$(TARGET_NAME)";
				SWIFT_VERSION = 3.0;
				TEST_HOST = "$(BUILT_PRODUCTS_DIR)/TD5.app/TD5";
			};
			name = Release;
		};
		3722E0761E5B10C9002918CC /* Debug */ = {
			isa = XCBuildConfiguration;
			buildSettings = {
				ALWAYS_EMBED_SWIFT_STANDARD_LIBRARIES = YES;
				INFOPLIST_FILE = TD5UITests/Info.plist;
				LD_RUNPATH_SEARCH_PATHS = "$(inherited) @executable_path/Frameworks @loader_path/Frameworks";
				PRODUCT_BUNDLE_IDENTIFIER = Ludivine.TD5UITests;
				PRODUCT_NAME = "$(TARGET_NAME)";
				SWIFT_VERSION = 3.0;
				TEST_TARGET_NAME = TD5;
			};
			name = Debug;
		};
		3722E0771E5B10C9002918CC /* Release */ = {
			isa = XCBuildConfiguration;
			buildSettings = {
				ALWAYS_EMBED_SWIFT_STANDARD_LIBRARIES = YES;
				INFOPLIST_FILE = TD5UITests/Info.plist;
				LD_RUNPATH_SEARCH_PATHS = "$(inherited) @executable_path/Frameworks @loader_path/Frameworks";
				PRODUCT_BUNDLE_IDENTIFIER = Ludivine.TD5UITests;
				PRODUCT_NAME = "$(TARGET_NAME)";
				SWIFT_VERSION = 3.0;
				TEST_TARGET_NAME = TD5;
			};
			name = Release;
		};
/* End XCBuildConfiguration section */

/* Begin XCConfigurationList section */
		3722E0421E5B10C8002918CC /* Build configuration list for PBXProject "TD5" */ = {
			isa = XCConfigurationList;
			buildConfigurations = (
				3722E06D1E5B10C9002918CC /* Debug */,
				3722E06E1E5B10C9002918CC /* Release */,
			);
			defaultConfigurationIsVisible = 0;
			defaultConfigurationName = Release;
		};
		3722E06F1E5B10C9002918CC /* Build configuration list for PBXNativeTarget "TD5" */ = {
			isa = XCConfigurationList;
			buildConfigurations = (
				3722E0701E5B10C9002918CC /* Debug */,
				3722E0711E5B10C9002918CC /* Release */,
			);
			defaultConfigurationIsVisible = 0;
			defaultConfigurationName = Release;
		};
		3722E0721E5B10C9002918CC /* Build configuration list for PBXNativeTarget "TD5Tests" */ = {
			isa = XCConfigurationList;
			buildConfigurations = (
				3722E0731E5B10C9002918CC /* Debug */,
				3722E0741E5B10C9002918CC /* Release */,
			);
			defaultConfigurationIsVisible = 0;
			defaultConfigurationName = Release;
		};
		3722E0751E5B10C9002918CC /* Build configuration list for PBXNativeTarget "TD5UITests" */ = {
			isa = XCConfigurationList;
			buildConfigurations = (
				3722E0761E5B10C9002918CC /* Debug */,
				3722E0771E5B10C9002918CC /* Release */,
			);
			defaultConfigurationIsVisible = 0;
			defaultConfigurationName = Release;
		};
/* End XCConfigurationList section */
	};
	rootObject = 3722E03F1E5B10C8002918CC /* Project object */;
}
